
Microsoft Visual Studio Solution File, Format Version 12.00
# Visual Studio Version 17
VisualStudioVersion = 17.5.33627.172
MinimumVisualStudioVersion = 10.0.40219.1
Project("{9A19103F-16F7-4668-BE54-9A1E7A4F7556}") = "Domain", "Domain\Domain.csproj", "{7822AA50-1D97-4838-A319-C070F7F18963}"
EndProject
Project("{9A19103F-16F7-4668-BE54-9A1E7A4F7556}") = "DataAccess", "DataAccess\DataAccess.csproj", "{F45E6B80-78BD-4E78-BC05-38AD374CB6D9}"
EndProject
Project("{9A19103F-16F7-4668-BE54-9A1E7A4F7556}") = "Application", "Application\Application.csproj", "{747D0B40-3798-40DB-BBB0-FC6611F906CA}"
EndProject
Project("{FAE04EC0-301F-11D3-BF4B-00C04F79EFBC}") = "ZooManagementWebApi", "ZooManagementWebApi\ZooManagementWebApi.csproj", "{75435378-5682-42D9-9093-2B380502CD0D}"
EndProject
Global
	GlobalSection(SolutionConfigurationPlatforms) = preSolution
		Debug|Any CPU = Debug|Any CPU
		Release|Any CPU = Release|Any CPU
	EndGlobalSection
	GlobalSection(ProjectConfigurationPlatforms) = postSolution
		{7822AA50-1D97-4838-A319-C070F7F18963}.Debug|Any CPU.ActiveCfg = Debug|Any CPU
		{7822AA50-1D97-4838-A319-C070F7F18963}.Debug|Any CPU.Build.0 = Debug|Any CPU
		{7822AA50-1D97-4838-A319-C070F7F18963}.Release|Any CPU.ActiveCfg = Release|Any CPU
		{7822AA50-1D97-4838-A319-C070F7F18963}.Release|Any CPU.Build.0 = Release|Any CPU
		{F45E6B80-78BD-4E78-BC05-38AD374CB6D9}.Debug|Any CPU.ActiveCfg = Debug|Any CPU
		{F45E6B80-78BD-4E78-BC05-38AD374CB6D9}.Debug|Any CPU.Build.0 = Debug|Any CPU
		{F45E6B80-78BD-4E78-BC05-38AD374CB6D9}.Release|Any CPU.ActiveCfg = Release|Any CPU
		{F45E6B80-78BD-4E78-BC05-38AD374CB6D9}.Release|Any CPU.Build.0 = Release|Any CPU
		{747D0B40-3798-40DB-BBB0-FC6611F906CA}.Debug|Any CPU.ActiveCfg = Debug|Any CPU
		{747D0B40-3798-40DB-BBB0-FC6611F906CA}.Debug|Any CPU.Build.0 = Debug|Any CPU
		{747D0B40-3798-40DB-BBB0-FC6611F906CA}.Release|Any CPU.ActiveCfg = Release|Any CPU
		{747D0B40-3798-40DB-BBB0-FC6611F906CA}.Release|Any CPU.Build.0 = Release|Any CPU
		{75435378-5682-42D9-9093-2B380502CD0D}.Debug|Any CPU.ActiveCfg = Debug|Any CPU
		{75435378-5682-42D9-9093-2B380502CD0D}.Debug|Any CPU.Build.0 = Debug|Any CPU
		{75435378-5682-42D9-9093-2B380502CD0D}.Release|Any CPU.ActiveCfg = Release|Any CPU
		{75435378-5682-42D9-9093-2B380502CD0D}.Release|Any CPU.Build.0 = Release|Any CPU
	EndGlobalSection
	GlobalSection(SolutionProperties) = preSolution
		HideSolutionNode = FALSE
	EndGlobalSection
	GlobalSection(ExtensibilityGlobals) = postSolution
		SolutionGuid = {CD51DCFB-CF87-48D1-93EC-0B1059D8563E}
	EndGlobalSection
EndGlobal
